// !$*UTF8*$!
{
	archiveVersion = 1;
	classes = {
	};
	objectVersion = 56;
	objects = {

/* Begin PBXBuildFile section */
		BC108D86290E79560057464C /* AppDelegate.swift in Sources */ = {isa = PBXBuildFile; fileRef = BC108D85290E79560057464C /* AppDelegate.swift */; };
		BC108D88290E79560057464C /* SceneDelegate.swift in Sources */ = {isa = PBXBuildFile; fileRef = BC108D87290E79560057464C /* SceneDelegate.swift */; };
		BC108D8F290E79580057464C /* Assets.xcassets in Resources */ = {isa = PBXBuildFile; fileRef = BC108D8E290E79580057464C /* Assets.xcassets */; };
		BC108D92290E79580057464C /* LaunchScreen.storyboard in Resources */ = {isa = PBXBuildFile; fileRef = BC108D90290E79580057464C /* LaunchScreen.storyboard */; };
		BC108DBB290E7ADA0057464C /* Film.swift in Sources */ = {isa = PBXBuildFile; fileRef = BC108DBA290E7ADA0057464C /* Film.swift */; };
		BC108DC0290E7CDC0057464C /* SearchListViewController.swift in Sources */ = {isa = PBXBuildFile; fileRef = BC108DBF290E7CDC0057464C /* SearchListViewController.swift */; };
		BC108DC2290E7CFB0057464C /* SearchListViewModel.swift in Sources */ = {isa = PBXBuildFile; fileRef = BC108DC1290E7CFB0057464C /* SearchListViewModel.swift */; };
		BC108DC5290E7D5A0057464C /* NiblessViewController.swift in Sources */ = {isa = PBXBuildFile; fileRef = BC108DC4290E7D5A0057464C /* NiblessViewController.swift */; };
		BC108DC7290E7D910057464C /* Request.swift in Sources */ = {isa = PBXBuildFile; fileRef = BC108DC6290E7D910057464C /* Request.swift */; };
		BC108DC9290E7FF40057464C /* DataFetcher.swift in Sources */ = {isa = PBXBuildFile; fileRef = BC108DC8290E7FF40057464C /* DataFetcher.swift */; };
		BC108DCD290E81630057464C /* RequestConfig.swift in Sources */ = {isa = PBXBuildFile; fileRef = BC108DCC290E81630057464C /* RequestConfig.swift */; };
		BC108DD1290EA5330057464C /* Person.swift in Sources */ = {isa = PBXBuildFile; fileRef = BC108DD0290EA5330057464C /* Person.swift */; };
		BC108DD3290EEDAD0057464C /* ApiResponse.swift in Sources */ = {isa = PBXBuildFile; fileRef = BC108DD2290EEDAD0057464C /* ApiResponse.swift */; };
		BC108DD5290F29E70057464C /* NetworkError.swift in Sources */ = {isa = PBXBuildFile; fileRef = BC108DD4290F29E70057464C /* NetworkError.swift */; };
		BC108DD8290FB4260057464C /* SWService.swift in Sources */ = {isa = PBXBuildFile; fileRef = BC108DD7290FB4260057464C /* SWService.swift */; };
		BCE0A0FA29130D4800DE594D /* LoadingViewController.swift in Sources */ = {isa = PBXBuildFile; fileRef = BCE0A0F929130D4800DE594D /* LoadingViewController.swift */; };
		BCE0A0FC291310D100DE594D /* DetailViewController.swift in Sources */ = {isa = PBXBuildFile; fileRef = BCE0A0FB291310D100DE594D /* DetailViewController.swift */; };
		BCE0A0FE2913BF4F00DE594D /* Extensions.swift in Sources */ = {isa = PBXBuildFile; fileRef = BCE0A0FD2913BF4F00DE594D /* Extensions.swift */; };
/* End PBXBuildFile section */

/* Begin PBXFileReference section */
		BC108D82290E79560057464C /* SWAssignment.app */ = {isa = PBXFileReference; explicitFileType = wrapper.application; includeInIndex = 0; path = SWAssignment.app; sourceTree = BUILT_PRODUCTS_DIR; };
		BC108D85290E79560057464C /* AppDelegate.swift */ = {isa = PBXFileReference; lastKnownFileType = sourcecode.swift; path = AppDelegate.swift; sourceTree = "<group>"; };
		BC108D87290E79560057464C /* SceneDelegate.swift */ = {isa = PBXFileReference; lastKnownFileType = sourcecode.swift; path = SceneDelegate.swift; sourceTree = "<group>"; };
		BC108D8E290E79580057464C /* Assets.xcassets */ = {isa = PBXFileReference; lastKnownFileType = folder.assetcatalog; path = Assets.xcassets; sourceTree = "<group>"; };
		BC108D91290E79580057464C /* Base */ = {isa = PBXFileReference; lastKnownFileType = file.storyboard; name = Base; path = Base.lproj/LaunchScreen.storyboard; sourceTree = "<group>"; };
		BC108D93290E79580057464C /* Info.plist */ = {isa = PBXFileReference; lastKnownFileType = text.plist.xml; path = Info.plist; sourceTree = "<group>"; };
		BC108DBA290E7ADA0057464C /* Film.swift */ = {isa = PBXFileReference; lastKnownFileType = sourcecode.swift; path = Film.swift; sourceTree = "<group>"; };
		BC108DBF290E7CDC0057464C /* SearchListViewController.swift */ = {isa = PBXFileReference; lastKnownFileType = sourcecode.swift; path = SearchListViewController.swift; sourceTree = "<group>"; };
		BC108DC1290E7CFB0057464C /* SearchListViewModel.swift */ = {isa = PBXFileReference; lastKnownFileType = sourcecode.swift; path = SearchListViewModel.swift; sourceTree = "<group>"; };
		BC108DC4290E7D5A0057464C /* NiblessViewController.swift */ = {isa = PBXFileReference; lastKnownFileType = sourcecode.swift; path = NiblessViewController.swift; sourceTree = "<group>"; };
		BC108DC6290E7D910057464C /* Request.swift */ = {isa = PBXFileReference; lastKnownFileType = sourcecode.swift; path = Request.swift; sourceTree = "<group>"; };
		BC108DC8290E7FF40057464C /* DataFetcher.swift */ = {isa = PBXFileReference; lastKnownFileType = sourcecode.swift; path = DataFetcher.swift; sourceTree = "<group>"; };
		BC108DCC290E81630057464C /* RequestConfig.swift */ = {isa = PBXFileReference; lastKnownFileType = sourcecode.swift; path = RequestConfig.swift; sourceTree = "<group>"; };
		BC108DD0290EA5330057464C /* Person.swift */ = {isa = PBXFileReference; lastKnownFileType = sourcecode.swift; path = Person.swift; sourceTree = "<group>"; };
		BC108DD2290EEDAD0057464C /* ApiResponse.swift */ = {isa = PBXFileReference; lastKnownFileType = sourcecode.swift; path = ApiResponse.swift; sourceTree = "<group>"; };
		BC108DD4290F29E70057464C /* NetworkError.swift */ = {isa = PBXFileReference; lastKnownFileType = sourcecode.swift; path = NetworkError.swift; sourceTree = "<group>"; };
		BC108DD7290FB4260057464C /* SWService.swift */ = {isa = PBXFileReference; lastKnownFileType = sourcecode.swift; path = SWService.swift; sourceTree = "<group>"; };
		BCE0A0F929130D4800DE594D /* LoadingViewController.swift */ = {isa = PBXFileReference; lastKnownFileType = sourcecode.swift; path = LoadingViewController.swift; sourceTree = "<group>"; };
		BCE0A0FB291310D100DE594D /* DetailViewController.swift */ = {isa = PBXFileReference; lastKnownFileType = sourcecode.swift; path = DetailViewController.swift; sourceTree = "<group>"; };
		BCE0A0FD2913BF4F00DE594D /* Extensions.swift */ = {isa = PBXFileReference; lastKnownFileType = sourcecode.swift; path = Extensions.swift; sourceTree = "<group>"; };
/* End PBXFileReference section */

/* Begin PBXFrameworksBuildPhase section */
		BC108D7F290E79560057464C /* Frameworks */ = {
			isa = PBXFrameworksBuildPhase;
			buildActionMask = 2147483647;
			files = (
			);
			runOnlyForDeploymentPostprocessing = 0;
		};
/* End PBXFrameworksBuildPhase section */

/* Begin PBXGroup section */
		BC108D79290E79560057464C = {
			isa = PBXGroup;
			children = (
				BC108D84290E79560057464C /* SWAssignment */,
				BC108D83290E79560057464C /* Products */,
			);
			sourceTree = "<group>";
		};
		BC108D83290E79560057464C /* Products */ = {
			isa = PBXGroup;
			children = (
				BC108D82290E79560057464C /* SWAssignment.app */,
			);
			name = Products;
			sourceTree = "<group>";
		};
		BC108D84290E79560057464C /* SWAssignment */ = {
			isa = PBXGroup;
			children = (
				BC108DB5290E7A0B0057464C /* Source */,
				BC108DB6290E7A130057464C /* Resource */,
			);
			path = SWAssignment;
			sourceTree = "<group>";
		};
		BC108DB5290E7A0B0057464C /* Source */ = {
			isa = PBXGroup;
			children = (
				BC108D85290E79560057464C /* AppDelegate.swift */,
				BC108D87290E79560057464C /* SceneDelegate.swift */,
				BC108DB7290E7AA80057464C /* Service */,
				BC108DB8290E7ABB0057464C /* Models */,
				BC108DB9290E7AC30057464C /* Sections */,
				BC108DC3290E7D2B0057464C /* Utility */,
			);
			path = Source;
			sourceTree = "<group>";
		};
		BC108DB6290E7A130057464C /* Resource */ = {
			isa = PBXGroup;
			children = (
				BC108D8E290E79580057464C /* Assets.xcassets */,
				BC108D90290E79580057464C /* LaunchScreen.storyboard */,
				BC108D93290E79580057464C /* Info.plist */,
			);
			path = Resource;
			sourceTree = "<group>";
		};
		BC108DB7290E7AA80057464C /* Service */ = {
			isa = PBXGroup;
			children = (
				BC108DD6290FB3CC0057464C /* Network */,
				BC108DD7290FB4260057464C /* SWService.swift */,
			);
			path = Service;
			sourceTree = "<group>";
		};
		BC108DB8290E7ABB0057464C /* Models */ = {
			isa = PBXGroup;
			children = (
				BC108DD2290EEDAD0057464C /* ApiResponse.swift */,
				BC108DBA290E7ADA0057464C /* Film.swift */,
				BC108DD0290EA5330057464C /* Person.swift */,
			);
			path = Models;
			sourceTree = "<group>";
		};
		BC108DB9290E7AC30057464C /* Sections */ = {
			isa = PBXGroup;
			children = (
				BC108DBC290E7C9B0057464C /* Controller */,
				BC108DBD290E7CA90057464C /* ViewModel */,
				BC108DBE290E7CB20057464C /* View */,
			);
			path = Sections;
			sourceTree = "<group>";
		};
		BC108DBC290E7C9B0057464C /* Controller */ = {
			isa = PBXGroup;
			children = (
				BC108DBF290E7CDC0057464C /* SearchListViewController.swift */,
				BCE0A0FB291310D100DE594D /* DetailViewController.swift */,
			);
			path = Controller;
			sourceTree = "<group>";
		};
		BC108DBD290E7CA90057464C /* ViewModel */ = {
			isa = PBXGroup;
			children = (
				BC108DC1290E7CFB0057464C /* SearchListViewModel.swift */,
			);
			path = ViewModel;
			sourceTree = "<group>";
		};
		BC108DBE290E7CB20057464C /* View */ = {
			isa = PBXGroup;
			children = (
				BCE0A0F929130D4800DE594D /* LoadingViewController.swift */,
			);
			path = View;
			sourceTree = "<group>";
		};
		BC108DC3290E7D2B0057464C /* Utility */ = {
			isa = PBXGroup;
			children = (
				BC108DC4290E7D5A0057464C /* NiblessViewController.swift */,
			);
			path = Utility;
			sourceTree = "<group>";
		};
		BC108DD6290FB3CC0057464C /* Network */ = {
			isa = PBXGroup;
			children = (
				BC108DC8290E7FF40057464C /* DataFetcher.swift */,
				BC108DD4290F29E70057464C /* NetworkError.swift */,
				BC108DC6290E7D910057464C /* Request.swift */,
				BC108DCC290E81630057464C /* RequestConfig.swift */,
				BCE0A0FD2913BF4F00DE594D /* Extensions.swift */,
			);
			path = Network;
			sourceTree = "<group>";
		};
/* End PBXGroup section */

/* Begin PBXNativeTarget section */
		BC108D81290E79560057464C /* SWAssignment */ = {
			isa = PBXNativeTarget;
			buildConfigurationList = BC108DAC290E79580057464C /* Build configuration list for PBXNativeTarget "SWAssignment" */;
			buildPhases = (
				BC108D7E290E79560057464C /* Sources */,
				BC108D7F290E79560057464C /* Frameworks */,
				BC108D80290E79560057464C /* Resources */,
			);
			buildRules = (
			);
			dependencies = (
			);
			name = SWAssignment;
			productName = SWAssignment;
			productReference = BC108D82290E79560057464C /* SWAssignment.app */;
			productType = "com.apple.product-type.application";
		};
/* End PBXNativeTarget section */

/* Begin PBXProject section */
		BC108D7A290E79560057464C /* Project object */ = {
			isa = PBXProject;
			attributes = {
				BuildIndependentTargetsInParallel = 1;
				LastSwiftUpdateCheck = 1400;
				LastUpgradeCheck = 1400;
				TargetAttributes = {
					BC108D81290E79560057464C = {
						CreatedOnToolsVersion = 14.0.1;
					};
				};
			};
			buildConfigurationList = BC108D7D290E79560057464C /* Build configuration list for PBXProject "SWAssignment" */;
			compatibilityVersion = "Xcode 14.0";
			developmentRegion = en;
			hasScannedForEncodings = 0;
			knownRegions = (
				en,
				Base,
			);
			mainGroup = BC108D79290E79560057464C;
			productRefGroup = BC108D83290E79560057464C /* Products */;
			projectDirPath = "";
			projectRoot = "";
			targets = (
				BC108D81290E79560057464C /* SWAssignment */,
			);
		};
/* End PBXProject section */

/* Begin PBXResourcesBuildPhase section */
		BC108D80290E79560057464C /* Resources */ = {
			isa = PBXResourcesBuildPhase;
			buildActionMask = 2147483647;
			files = (
				BC108D92290E79580057464C /* LaunchScreen.storyboard in Resources */,
				BC108D8F290E79580057464C /* Assets.xcassets in Resources */,
			);
			runOnlyForDeploymentPostprocessing = 0;
		};
/* End PBXResourcesBuildPhase section */

/* Begin PBXSourcesBuildPhase section */
		BC108D7E290E79560057464C /* Sources */ = {
			isa = PBXSourcesBuildPhase;
			buildActionMask = 2147483647;
			files = (
				BC108DC2290E7CFB0057464C /* SearchListViewModel.swift in Sources */,
				BCE0A0FA29130D4800DE594D /* LoadingViewController.swift in Sources */,
				BC108DD8290FB4260057464C /* SWService.swift in Sources */,
				BC108DC7290E7D910057464C /* Request.swift in Sources */,
				BC108DC5290E7D5A0057464C /* NiblessViewController.swift in Sources */,
				BC108D86290E79560057464C /* AppDelegate.swift in Sources */,
				BCE0A0FC291310D100DE594D /* DetailViewController.swift in Sources */,
				BC108DC9290E7FF40057464C /* DataFetcher.swift in Sources */,
				BC108D88290E79560057464C /* SceneDelegate.swift in Sources */,
				BC108DD1290EA5330057464C /* Person.swift in Sources */,
				BC108DCD290E81630057464C /* RequestConfig.swift in Sources */,
				BCE0A0FE2913BF4F00DE594D /* Extensions.swift in Sources */,
				BC108DD3290EEDAD0057464C /* ApiResponse.swift in Sources */,
				BC108DD5290F29E70057464C /* NetworkError.swift in Sources */,
				BC108DC0290E7CDC0057464C /* SearchListViewController.swift in Sources */,
				BC108DBB290E7ADA0057464C /* Film.swift in Sources */,
			);
			runOnlyForDeploymentPostprocessing = 0;
		};
/* End PBXSourcesBuildPhase section */

/* Begin PBXVariantGroup section */
		BC108D90290E79580057464C /* LaunchScreen.storyboard */ = {
			isa = PBXVariantGroup;
			children = (
				BC108D91290E79580057464C /* Base */,
			);
			name = LaunchScreen.storyboard;
			sourceTree = "<group>";
		};
/* End PBXVariantGroup section */

/* Begin XCBuildConfiguration section */
		BC108DAA290E79580057464C /* Debug */ = {
			isa = XCBuildConfiguration;
			buildSettings = {
				ALWAYS_SEARCH_USER_PATHS = NO;
				CLANG_ANALYZER_NONNULL = YES;
				CLANG_ANALYZER_NUMBER_OBJECT_CONVERSION = YES_AGGRESSIVE;
				CLANG_CXX_LANGUAGE_STANDARD = "gnu++20";
				CLANG_ENABLE_MODULES = YES;
				CLANG_ENABLE_OBJC_ARC = YES;
				CLANG_ENABLE_OBJC_WEAK = YES;
				CLANG_WARN_BLOCK_CAPTURE_AUTORELEASING = YES;
				CLANG_WARN_BOOL_CONVERSION = YES;
				CLANG_WARN_COMMA = YES;
				CLANG_WARN_CONSTANT_CONVERSION = YES;
				CLANG_WARN_DEPRECATED_OBJC_IMPLEMENTATIONS = YES;
				CLANG_WARN_DIRECT_OBJC_ISA_USAGE = YES_ERROR;
				CLANG_WARN_DOCUMENTATION_COMMENTS = YES;
				CLANG_WARN_EMPTY_BODY = YES;
				CLANG_WARN_ENUM_CONVERSION = YES;
				CLANG_WARN_INFINITE_RECURSION = YES;
				CLANG_WARN_INT_CONVERSION = YES;
				CLANG_WARN_NON_LITERAL_NULL_CONVERSION = YES;
				CLANG_WARN_OBJC_IMPLICIT_RETAIN_SELF = YES;
				CLANG_WARN_OBJC_LITERAL_CONVERSION = YES;
				CLANG_WARN_OBJC_ROOT_CLASS = YES_ERROR;
				CLANG_WARN_QUOTED_INCLUDE_IN_FRAMEWORK_HEADER = YES;
				CLANG_WARN_RANGE_LOOP_ANALYSIS = YES;
				CLANG_WARN_STRICT_PROTOTYPES = YES;
				CLANG_WARN_SUSPICIOUS_MOVE = YES;
				CLANG_WARN_UNGUARDED_AVAILABILITY = YES_AGGRESSIVE;
				CLANG_WARN_UNREACHABLE_CODE = YES;
				CLANG_WARN__DUPLICATE_METHOD_MATCH = YES;
				COPY_PHASE_STRIP = NO;
				DEBUG_INFORMATION_FORMAT = dwarf;
				ENABLE_STRICT_OBJC_MSGSEND = YES;
				ENABLE_TESTABILITY = YES;
				GCC_C_LANGUAGE_STANDARD = gnu11;
				GCC_DYNAMIC_NO_PIC = NO;
				GCC_NO_COMMON_BLOCKS = YES;
				GCC_OPTIMIZATION_LEVEL = 0;
				GCC_PREPROCESSOR_DEFINITIONS = (
					"DEBUG=1",
					"$(inherited)",
				);
				GCC_WARN_64_TO_32_BIT_CONVERSION = YES;
				GCC_WARN_ABOUT_RETURN_TYPE = YES_ERROR;
				GCC_WARN_UNDECLARED_SELECTOR = YES;
				GCC_WARN_UNINITIALIZED_AUTOS = YES_AGGRESSIVE;
				GCC_WARN_UNUSED_FUNCTION = YES;
				GCC_WARN_UNUSED_VARIABLE = YES;
				IPHONEOS_DEPLOYMENT_TARGET = 16.0;
				MTL_ENABLE_DEBUG_INFO = INCLUDE_SOURCE;
				MTL_FAST_MATH = YES;
				ONLY_ACTIVE_ARCH = YES;
				SDKROOT = iphoneos;
				SWIFT_ACTIVE_COMPILATION_CONDITIONS = DEBUG;
				SWIFT_OPTIMIZATION_LEVEL = "-Onone";
			};
			name = Debug;
		};
		BC108DAB290E79580057464C /* Release */ = {
			isa = XCBuildConfiguration;
			buildSettings = {
				ALWAYS_SEARCH_USER_PATHS = NO;
				CLANG_ANALYZER_NONNULL = YES;
				CLANG_ANALYZER_NUMBER_OBJECT_CONVERSION = YES_AGGRESSIVE;
				CLANG_CXX_LANGUAGE_STANDARD = "gnu++20";
				CLANG_ENABLE_MODULES = YES;
				CLANG_ENABLE_OBJC_ARC = YES;
				CLANG_ENABLE_OBJC_WEAK = YES;
				CLANG_WARN_BLOCK_CAPTURE_AUTORELEASING = YES;
				CLANG_WARN_BOOL_CONVERSION = YES;
				CLANG_WARN_COMMA = YES;
				CLANG_WARN_CONSTANT_CONVERSION = YES;
				CLANG_WARN_DEPRECATED_OBJC_IMPLEMENTATIONS = YES;
				CLANG_WARN_DIRECT_OBJC_ISA_USAGE = YES_ERROR;
				CLANG_WARN_DOCUMENTATION_COMMENTS = YES;
				CLANG_WARN_EMPTY_BODY = YES;
				CLANG_WARN_ENUM_CONVERSION = YES;
				CLANG_WARN_INFINITE_RECURSION = YES;
				CLANG_WARN_INT_CONVERSION = YES;
				CLANG_WARN_NON_LITERAL_NULL_CONVERSION = YES;
				CLANG_WARN_OBJC_IMPLICIT_RETAIN_SELF = YES;
				CLANG_WARN_OBJC_LITERAL_CONVERSION = YES;
				CLANG_WARN_OBJC_ROOT_CLASS = YES_ERROR;
				CLANG_WARN_QUOTED_INCLUDE_IN_FRAMEWORK_HEADER = YES;
				CLANG_WARN_RANGE_LOOP_ANALYSIS = YES;
				CLANG_WARN_STRICT_PROTOTYPES = YES;
				CLANG_WARN_SUSPICIOUS_MOVE = YES;
				CLANG_WARN_UNGUARDED_AVAILABILITY = YES_AGGRESSIVE;
				CLANG_WARN_UNREACHABLE_CODE = YES;
				CLANG_WARN__DUPLICATE_METHOD_MATCH = YES;
				COPY_PHASE_STRIP = NO;
				DEBUG_INFORMATION_FORMAT = "dwarf-with-dsym";
				ENABLE_NS_ASSERTIONS = NO;
				ENABLE_STRICT_OBJC_MSGSEND = YES;
				GCC_C_LANGUAGE_STANDARD = gnu11;
				GCC_NO_COMMON_BLOCKS = YES;
				GCC_WARN_64_TO_32_BIT_CONVERSION = YES;
				GCC_WARN_ABOUT_RETURN_TYPE = YES_ERROR;
				GCC_WARN_UNDECLARED_SELECTOR = YES;
				GCC_WARN_UNINITIALIZED_AUTOS = YES_AGGRESSIVE;
				GCC_WARN_UNUSED_FUNCTION = YES;
				GCC_WARN_UNUSED_VARIABLE = YES;
				IPHONEOS_DEPLOYMENT_TARGET = 16.0;
				MTL_ENABLE_DEBUG_INFO = NO;
				MTL_FAST_MATH = YES;
				SDKROOT = iphoneos;
				SWIFT_COMPILATION_MODE = wholemodule;
				SWIFT_OPTIMIZATION_LEVEL = "-O";
				VALIDATE_PRODUCT = YES;
			};
			name = Release;
		};
		BC108DAD290E79580057464C /* Debug */ = {
			isa = XCBuildConfiguration;
			buildSettings = {
				ASSETCATALOG_COMPILER_APPICON_NAME = AppIcon;
				ASSETCATALOG_COMPILER_GLOBAL_ACCENT_COLOR_NAME = AccentColor;
				CODE_SIGN_STYLE = Manual;
				CURRENT_PROJECT_VERSION = 1;
				DEVELOPMENT_TEAM = "";
				GENERATE_INFOPLIST_FILE = YES;
				INFOPLIST_FILE = SWAssignment/Resource/Info.plist;
				INFOPLIST_KEY_UIApplicationSupportsIndirectInputEvents = YES;
				INFOPLIST_KEY_UILaunchStoryboardName = LaunchScreen;
				INFOPLIST_KEY_UISupportedInterfaceOrientations = "UIInterfaceOrientationLandscapeLeft UIInterfaceOrientationLandscapeRight UIInterfaceOrientationPortrait";
				INFOPLIST_KEY_UISupportedInterfaceOrientations_iPad = "UIInterfaceOrientationLandscapeLeft UIInterfaceOrientationLandscapeRight UIInterfaceOrientationPortrait UIInterfaceOrientationPortraitUpsideDown";
				IPHONEOS_DEPLOYMENT_TARGET = 16.0;
				LD_RUNPATH_SEARCH_PATHS = (
					"$(inherited)",
					"@executable_path/Frameworks",
				);
				MARKETING_VERSION = 1.0;
				PRODUCT_BUNDLE_IDENTIFIER = WeApp.SWAssignment;
				PRODUCT_NAME = "$(TARGET_NAME)";
				PROVISIONING_PROFILE_SPECIFIER = "";
				SUPPORTED_PLATFORMS = "iphoneos iphonesimulator";
				SUPPORTS_MACCATALYST = NO;
				SUPPORTS_MAC_DESIGNED_FOR_IPHONE_IPAD = NO;
				SWIFT_EMIT_LOC_STRINGS = YES;
				SWIFT_VERSION = 5.0;
				TARGETED_DEVICE_FAMILY = 1;
			};
			name = Debug;
		};
		BC108DAE290E79580057464C /* Release */ = {
			isa = XCBuildConfiguration;
			buildSettings = {
				ASSETCATALOG_COMPILER_APPICON_NAME = AppIcon;
				ASSETCATALOG_COMPILER_GLOBAL_ACCENT_COLOR_NAME = AccentColor;
				CODE_SIGN_STYLE = Manual;
				CURRENT_PROJECT_VERSION = 1;
				DEVELOPMENT_TEAM = "";
				GENERATE_INFOPLIST_FILE = YES;
				INFOPLIST_FILE = SWAssignment/Resource/Info.plist;
				INFOPLIST_KEY_UIApplicationSupportsIndirectInputEvents = YES;
				INFOPLIST_KEY_UILaunchStoryboardName = LaunchScreen;
				INFOPLIST_KEY_UISupportedInterfaceOrientations = "UIInterfaceOrientationLandscapeLeft UIInterfaceOrientationLandscapeRight UIInterfaceOrientationPortrait";
				INFOPLIST_KEY_UISupportedInterfaceOrientations_iPad = "UIInterfaceOrientationLandscapeLeft UIInterfaceOrientationLandscapeRight UIInterfaceOrientationPortrait UIInterfaceOrientationPortraitUpsideDown";
				IPHONEOS_DEPLOYMENT_TARGET = 16.0;
				LD_RUNPATH_SEARCH_PATHS = (
					"$(inherited)",
					"@executable_path/Frameworks",
				);
				MARKETING_VERSION = 1.0;
				PRODUCT_BUNDLE_IDENTIFIER = WeApp.SWAssignment;
				PRODUCT_NAME = "$(TARGET_NAME)";
				PROVISIONING_PROFILE_SPECIFIER = "";
				SUPPORTED_PLATFORMS = "iphoneos iphonesimulator";
				SUPPORTS_MACCATALYST = NO;
				SUPPORTS_MAC_DESIGNED_FOR_IPHONE_IPAD = NO;
				SWIFT_EMIT_LOC_STRINGS = YES;
				SWIFT_VERSION = 5.0;
				TARGETED_DEVICE_FAMILY = 1;
			};
			name = Release;
		};
/* End XCBuildConfiguration section */

/* Begin XCConfigurationList section */
		BC108D7D290E79560057464C /* Build configuration list for PBXProject "SWAssignment" */ = {
			isa = XCConfigurationList;
			buildConfigurations = (
				BC108DAA290E79580057464C /* Debug */,
				BC108DAB290E79580057464C /* Release */,
			);
			defaultConfigurationIsVisible = 0;
			defaultConfigurationName = Release;
		};
		BC108DAC290E79580057464C /* Build configuration list for PBXNativeTarget "SWAssignment" */ = {
			isa = XCConfigurationList;
			buildConfigurations = (
				BC108DAD290E79580057464C /* Debug */,
				BC108DAE290E79580057464C /* Release */,
			);
			defaultConfigurationIsVisible = 0;
			defaultConfigurationName = Release;
		};
/* End XCConfigurationList section */
	};
	rootObject = BC108D7A290E79560057464C /* Project object */;
}
